// !$*UTF8*$!
{
	archiveVersion = 1;
	classes = {
	};
	objectVersion = 56;
	objects = {

/* Begin PBXBuildFile section */
		F2CD8ED52A9C706900A6AA74 /* FetchThemesService.swift in Sources */ = {isa = PBXBuildFile; fileRef = F2CD8ED42A9C706900A6AA74 /* FetchThemesService.swift */; };
		F2D32ADD2A99061A004E3EB0 /* MatchingPairsApp.swift in Sources */ = {isa = PBXBuildFile; fileRef = F2D32ADC2A99061A004E3EB0 /* MatchingPairsApp.swift */; };
		F2D32ADF2A99061A004E3EB0 /* RootContentView.swift in Sources */ = {isa = PBXBuildFile; fileRef = F2D32ADE2A99061A004E3EB0 /* RootContentView.swift */; };
		F2D32AE12A99061C004E3EB0 /* Assets.xcassets in Resources */ = {isa = PBXBuildFile; fileRef = F2D32AE02A99061C004E3EB0 /* Assets.xcassets */; };
		F2D32AE42A99061C004E3EB0 /* Preview Assets.xcassets in Resources */ = {isa = PBXBuildFile; fileRef = F2D32AE32A99061C004E3EB0 /* Preview Assets.xcassets */; };
		F2D32AEE2A99EF0A004E3EB0 /* RequestManager.swift in Sources */ = {isa = PBXBuildFile; fileRef = F2D32AED2A99EF0A004E3EB0 /* RequestManager.swift */; };
		F2D32AF32A99EF5A004E3EB0 /* DataParser.swift in Sources */ = {isa = PBXBuildFile; fileRef = F2D32AF22A99EF5A004E3EB0 /* DataParser.swift */; };
		F2D32AF62A99EFD1004E3EB0 /* RequestProtocol.swift in Sources */ = {isa = PBXBuildFile; fileRef = F2D32AF52A99EFD1004E3EB0 /* RequestProtocol.swift */; };
		F2D32AF82A99F028004E3EB0 /* APIConstants.swift in Sources */ = {isa = PBXBuildFile; fileRef = F2D32AF72A99F028004E3EB0 /* APIConstants.swift */; };
		F2D32AFA2A99F1B3004E3EB0 /* APIManger.swift in Sources */ = {isa = PBXBuildFile; fileRef = F2D32AF92A99F1B3004E3EB0 /* APIManger.swift */; };
		F2D32AFC2A99F212004E3EB0 /* NetorkError.swift in Sources */ = {isa = PBXBuildFile; fileRef = F2D32AFB2A99F212004E3EB0 /* NetorkError.swift */; };
		F2D32AFF2A99F385004E3EB0 /* ThemesRequest.swift in Sources */ = {isa = PBXBuildFile; fileRef = F2D32AFE2A99F385004E3EB0 /* ThemesRequest.swift */; };
		F2D32B022A99FCC7004E3EB0 /* ResponseValidator.swift in Sources */ = {isa = PBXBuildFile; fileRef = F2D32B012A99FCC7004E3EB0 /* ResponseValidator.swift */; };
		F2D32B062A9A008F004E3EB0 /* Theme.swift in Sources */ = {isa = PBXBuildFile; fileRef = F2D32B052A9A008F004E3EB0 /* Theme.swift */; };
		F2D32B082A9A04BA004E3EB0 /* Card.swift in Sources */ = {isa = PBXBuildFile; fileRef = F2D32B072A9A04BA004E3EB0 /* Card.swift */; };
		F2D32B0A2A9A0713004E3EB0 /* RootViewModel.swift in Sources */ = {isa = PBXBuildFile; fileRef = F2D32B092A9A0713004E3EB0 /* RootViewModel.swift */; };
		F2D32B0F2A9A08AB004E3EB0 /* GameContentView.swift in Sources */ = {isa = PBXBuildFile; fileRef = F2D32B0E2A9A08AB004E3EB0 /* GameContentView.swift */; };
		F2D32B122A9A1422004E3EB0 /* GameVIewModel.swift in Sources */ = {isa = PBXBuildFile; fileRef = F2D32B112A9A1422004E3EB0 /* GameVIewModel.swift */; };
		F2D32B142A9A2182004E3EB0 /* Mock.swift in Sources */ = {isa = PBXBuildFile; fileRef = F2D32B132A9A2182004E3EB0 /* Mock.swift */; };
		F2D32B182A9A2885004E3EB0 /* CardView.swift in Sources */ = {isa = PBXBuildFile; fileRef = F2D32B172A9A2885004E3EB0 /* CardView.swift */; };
		F2D32B1B2A9A42A1004E3EB0 /* DispatchQueue + Utils.swift in Sources */ = {isa = PBXBuildFile; fileRef = F2D32B1A2A9A42A1004E3EB0 /* DispatchQueue + Utils.swift */; };
		F2D32B1D2A9A42B7004E3EB0 /* Array + Utils.swift in Sources */ = {isa = PBXBuildFile; fileRef = F2D32B1C2A9A42B7004E3EB0 /* Array + Utils.swift */; };
		F2D32B1F2A9A437B004E3EB0 /* StatefulPreviewWrapper.swift in Sources */ = {isa = PBXBuildFile; fileRef = F2D32B1E2A9A437B004E3EB0 /* StatefulPreviewWrapper.swift */; };
		F2D32B232A9A4F63004E3EB0 /* OrientationInfo.swift in Sources */ = {isa = PBXBuildFile; fileRef = F2D32B222A9A4F63004E3EB0 /* OrientationInfo.swift */; };
		F2D32B4C2A9B7D70004E3EB0 /* MatchingPairsPackage in Frameworks */ = {isa = PBXBuildFile; productRef = F2D32B4B2A9B7D70004E3EB0 /* MatchingPairsPackage */; };
		F2D32B4E2A9B842B004E3EB0 /* GameCompletion.swift in Sources */ = {isa = PBXBuildFile; fileRef = F2D32B4D2A9B842B004E3EB0 /* GameCompletion.swift */; };
		F2D32B502A9B8AB0004E3EB0 /* DifficultyLevel.swift in Sources */ = {isa = PBXBuildFile; fileRef = F2D32B4F2A9B8AB0004E3EB0 /* DifficultyLevel.swift */; };
		F2D32B562A9B9C32004E3EB0 /* UserDefaults + utils.swift in Sources */ = {isa = PBXBuildFile; fileRef = F2D32B552A9B9C32004E3EB0 /* UserDefaults + utils.swift */; };
/* End PBXBuildFile section */

/* Begin PBXFileReference section */
		F2CD8ED42A9C706900A6AA74 /* FetchThemesService.swift */ = {isa = PBXFileReference; lastKnownFileType = sourcecode.swift; path = FetchThemesService.swift; sourceTree = "<group>"; };
		F2D32AD92A99061A004E3EB0 /* MatchingPairs.app */ = {isa = PBXFileReference; explicitFileType = wrapper.application; includeInIndex = 0; path = MatchingPairs.app; sourceTree = BUILT_PRODUCTS_DIR; };
		F2D32ADC2A99061A004E3EB0 /* MatchingPairsApp.swift */ = {isa = PBXFileReference; lastKnownFileType = sourcecode.swift; path = MatchingPairsApp.swift; sourceTree = "<group>"; };
		F2D32ADE2A99061A004E3EB0 /* RootContentView.swift */ = {isa = PBXFileReference; lastKnownFileType = sourcecode.swift; path = RootContentView.swift; sourceTree = "<group>"; };
		F2D32AE02A99061C004E3EB0 /* Assets.xcassets */ = {isa = PBXFileReference; lastKnownFileType = folder.assetcatalog; path = Assets.xcassets; sourceTree = "<group>"; };
		F2D32AE32A99061C004E3EB0 /* Preview Assets.xcassets */ = {isa = PBXFileReference; lastKnownFileType = folder.assetcatalog; path = "Preview Assets.xcassets"; sourceTree = "<group>"; };
		F2D32AED2A99EF0A004E3EB0 /* RequestManager.swift */ = {isa = PBXFileReference; lastKnownFileType = sourcecode.swift; path = RequestManager.swift; sourceTree = "<group>"; };
		F2D32AF22A99EF5A004E3EB0 /* DataParser.swift */ = {isa = PBXFileReference; lastKnownFileType = sourcecode.swift; path = DataParser.swift; sourceTree = "<group>"; };
		F2D32AF52A99EFD1004E3EB0 /* RequestProtocol.swift */ = {isa = PBXFileReference; lastKnownFileType = sourcecode.swift; path = RequestProtocol.swift; sourceTree = "<group>"; };
		F2D32AF72A99F028004E3EB0 /* APIConstants.swift */ = {isa = PBXFileReference; lastKnownFileType = sourcecode.swift; path = APIConstants.swift; sourceTree = "<group>"; };
		F2D32AF92A99F1B3004E3EB0 /* APIManger.swift */ = {isa = PBXFileReference; lastKnownFileType = sourcecode.swift; path = APIManger.swift; sourceTree = "<group>"; };
		F2D32AFB2A99F212004E3EB0 /* NetorkError.swift */ = {isa = PBXFileReference; lastKnownFileType = sourcecode.swift; path = NetorkError.swift; sourceTree = "<group>"; };
		F2D32AFE2A99F385004E3EB0 /* ThemesRequest.swift */ = {isa = PBXFileReference; lastKnownFileType = sourcecode.swift; path = ThemesRequest.swift; sourceTree = "<group>"; };
		F2D32B012A99FCC7004E3EB0 /* ResponseValidator.swift */ = {isa = PBXFileReference; lastKnownFileType = sourcecode.swift; path = ResponseValidator.swift; sourceTree = "<group>"; };
		F2D32B052A9A008F004E3EB0 /* Theme.swift */ = {isa = PBXFileReference; lastKnownFileType = sourcecode.swift; path = Theme.swift; sourceTree = "<group>"; };
		F2D32B072A9A04BA004E3EB0 /* Card.swift */ = {isa = PBXFileReference; lastKnownFileType = sourcecode.swift; path = Card.swift; sourceTree = "<group>"; };
		F2D32B092A9A0713004E3EB0 /* RootViewModel.swift */ = {isa = PBXFileReference; lastKnownFileType = sourcecode.swift; path = RootViewModel.swift; sourceTree = "<group>"; };
		F2D32B0E2A9A08AB004E3EB0 /* GameContentView.swift */ = {isa = PBXFileReference; lastKnownFileType = sourcecode.swift; path = GameContentView.swift; sourceTree = "<group>"; };
		F2D32B112A9A1422004E3EB0 /* GameVIewModel.swift */ = {isa = PBXFileReference; lastKnownFileType = sourcecode.swift; path = GameVIewModel.swift; sourceTree = "<group>"; };
		F2D32B132A9A2182004E3EB0 /* Mock.swift */ = {isa = PBXFileReference; lastKnownFileType = sourcecode.swift; path = Mock.swift; sourceTree = "<group>"; };
		F2D32B172A9A2885004E3EB0 /* CardView.swift */ = {isa = PBXFileReference; lastKnownFileType = sourcecode.swift; path = CardView.swift; sourceTree = "<group>"; };
		F2D32B1A2A9A42A1004E3EB0 /* DispatchQueue + Utils.swift */ = {isa = PBXFileReference; lastKnownFileType = sourcecode.swift; path = "DispatchQueue + Utils.swift"; sourceTree = "<group>"; };
		F2D32B1C2A9A42B7004E3EB0 /* Array + Utils.swift */ = {isa = PBXFileReference; lastKnownFileType = sourcecode.swift; path = "Array + Utils.swift"; sourceTree = "<group>"; };
		F2D32B1E2A9A437B004E3EB0 /* StatefulPreviewWrapper.swift */ = {isa = PBXFileReference; lastKnownFileType = sourcecode.swift; path = StatefulPreviewWrapper.swift; sourceTree = "<group>"; };
		F2D32B222A9A4F63004E3EB0 /* OrientationInfo.swift */ = {isa = PBXFileReference; lastKnownFileType = sourcecode.swift; path = OrientationInfo.swift; sourceTree = "<group>"; };
		F2D32B4D2A9B842B004E3EB0 /* GameCompletion.swift */ = {isa = PBXFileReference; lastKnownFileType = sourcecode.swift; path = GameCompletion.swift; sourceTree = "<group>"; };
		F2D32B4F2A9B8AB0004E3EB0 /* DifficultyLevel.swift */ = {isa = PBXFileReference; lastKnownFileType = sourcecode.swift; path = DifficultyLevel.swift; sourceTree = "<group>"; };
		F2D32B552A9B9C32004E3EB0 /* UserDefaults + utils.swift */ = {isa = PBXFileReference; lastKnownFileType = sourcecode.swift; path = "UserDefaults + utils.swift"; sourceTree = "<group>"; };
/* End PBXFileReference section */

/* Begin PBXFrameworksBuildPhase section */
		F2D32AD62A99061A004E3EB0 /* Frameworks */ = {
			isa = PBXFrameworksBuildPhase;
			buildActionMask = 2147483647;
			files = (
				F2D32B4C2A9B7D70004E3EB0 /* MatchingPairsPackage in Frameworks */,
			);
			runOnlyForDeploymentPostprocessing = 0;
		};
/* End PBXFrameworksBuildPhase section */

/* Begin PBXGroup section */
		F2CD8ED22A9C6FD400A6AA74 /* utils */ = {
			isa = PBXGroup;
			children = (
				F2D32B1C2A9A42B7004E3EB0 /* Array + Utils.swift */,
				F2D32B222A9A4F63004E3EB0 /* OrientationInfo.swift */,
				F2D32B552A9B9C32004E3EB0 /* UserDefaults + utils.swift */,
				F2D32B1E2A9A437B004E3EB0 /* StatefulPreviewWrapper.swift */,
				F2D32B1A2A9A42A1004E3EB0 /* DispatchQueue + Utils.swift */,
			);
			path = utils;
			sourceTree = "<group>";
		};
		F2CD8ED32A9C705200A6AA74 /* services */ = {
			isa = PBXGroup;
			children = (
				F2CD8ED42A9C706900A6AA74 /* FetchThemesService.swift */,
			);
			path = services;
			sourceTree = "<group>";
		};
		F2D32AD02A99061A004E3EB0 = {
			isa = PBXGroup;
			children = (
				F2D32ADB2A99061A004E3EB0 /* MatchingPairs */,
				F2D32ADA2A99061A004E3EB0 /* Products */,
			);
			sourceTree = "<group>";
		};
		F2D32ADA2A99061A004E3EB0 /* Products */ = {
			isa = PBXGroup;
			children = (
				F2D32AD92A99061A004E3EB0 /* MatchingPairs.app */,
			);
			name = Products;
			sourceTree = "<group>";
		};
		F2D32ADB2A99061A004E3EB0 /* MatchingPairs */ = {
			isa = PBXGroup;
			children = (
				F2D32B192A9A428C004E3EB0 /* core */,
				F2D32B0B2A9A0873004E3EB0 /* game */,
				F2D32B042A9A007E004E3EB0 /* model */,
				F2D32ADC2A99061A004E3EB0 /* MatchingPairsApp.swift */,
				F2D32B102A9A0962004E3EB0 /* root */,
				F2D32AE02A99061C004E3EB0 /* Assets.xcassets */,
				F2D32AE22A99061C004E3EB0 /* Preview Content */,
			);
			path = MatchingPairs;
			sourceTree = "<group>";
		};
		F2D32AE22A99061C004E3EB0 /* Preview Content */ = {
			isa = PBXGroup;
			children = (
				F2D32AE32A99061C004E3EB0 /* Preview Assets.xcassets */,
			);
			path = "Preview Content";
			sourceTree = "<group>";
		};
		F2D32AEC2A99EEE6004E3EB0 /* network */ = {
			isa = PBXGroup;
			children = (
				F2D32AF72A99F028004E3EB0 /* APIConstants.swift */,
				F2D32B002A99FCB8004E3EB0 /* validator */,
				F2D32AF42A99EFBA004E3EB0 /* request */,
				F2D32AEF2A99EF3E004E3EB0 /* parser */,
				F2D32AED2A99EF0A004E3EB0 /* RequestManager.swift */,
				F2D32AF92A99F1B3004E3EB0 /* APIManger.swift */,
				F2D32B032A9A0030004E3EB0 /* networkError */,
			);
			path = network;
			sourceTree = "<group>";
		};
		F2D32AEF2A99EF3E004E3EB0 /* parser */ = {
			isa = PBXGroup;
			children = (
				F2D32AF22A99EF5A004E3EB0 /* DataParser.swift */,
			);
			path = parser;
			sourceTree = "<group>";
		};
		F2D32AF42A99EFBA004E3EB0 /* request */ = {
			isa = PBXGroup;
			children = (
				F2D32AFD2A99F373004E3EB0 /* themes */,
				F2D32AF52A99EFD1004E3EB0 /* RequestProtocol.swift */,
			);
			path = request;
			sourceTree = "<group>";
		};
		F2D32AFD2A99F373004E3EB0 /* themes */ = {
			isa = PBXGroup;
			children = (
				F2D32AFE2A99F385004E3EB0 /* ThemesRequest.swift */,
			);
			path = themes;
			sourceTree = "<group>";
		};
		F2D32B002A99FCB8004E3EB0 /* validator */ = {
			isa = PBXGroup;
			children = (
				F2D32B012A99FCC7004E3EB0 /* ResponseValidator.swift */,
			);
			path = validator;
			sourceTree = "<group>";
		};
		F2D32B032A9A0030004E3EB0 /* networkError */ = {
			isa = PBXGroup;
			children = (
				F2D32AFB2A99F212004E3EB0 /* NetorkError.swift */,
			);
			path = networkError;
			sourceTree = "<group>";
		};
		F2D32B042A9A007E004E3EB0 /* model */ = {
			isa = PBXGroup;
			children = (
				F2D32B052A9A008F004E3EB0 /* Theme.swift */,
				F2D32B072A9A04BA004E3EB0 /* Card.swift */,
			);
			path = model;
			sourceTree = "<group>";
		};
		F2D32B0B2A9A0873004E3EB0 /* game */ = {
			isa = PBXGroup;
			children = (
				F2D32B0E2A9A08AB004E3EB0 /* GameContentView.swift */,
				F2D32B112A9A1422004E3EB0 /* GameVIewModel.swift */,
				F2D32B512A9B9439004E3EB0 /* mock */,
				F2D32B522A9B9446004E3EB0 /* components */,
				F2D32B4D2A9B842B004E3EB0 /* GameCompletion.swift */,
			);
			path = game;
			sourceTree = "<group>";
		};
		F2D32B102A9A0962004E3EB0 /* root */ = {
			isa = PBXGroup;
			children = (
				F2CD8ED32A9C705200A6AA74 /* services */,
				F2D32ADE2A99061A004E3EB0 /* RootContentView.swift */,
				F2D32B092A9A0713004E3EB0 /* RootViewModel.swift */,
			);
			path = root;
			sourceTree = "<group>";
		};
		F2D32B192A9A428C004E3EB0 /* core */ = {
			isa = PBXGroup;
			children = (
				F2D32AEC2A99EEE6004E3EB0 /* network */,
				F2CD8ED22A9C6FD400A6AA74 /* utils */,
				F2D32B4F2A9B8AB0004E3EB0 /* DifficultyLevel.swift */,
			);
			path = core;
			sourceTree = "<group>";
		};
		F2D32B512A9B9439004E3EB0 /* mock */ = {
			isa = PBXGroup;
			children = (
				F2D32B132A9A2182004E3EB0 /* Mock.swift */,
			);
			path = mock;
			sourceTree = "<group>";
		};
		F2D32B522A9B9446004E3EB0 /* components */ = {
			isa = PBXGroup;
			children = (
				F2D32B172A9A2885004E3EB0 /* CardView.swift */,
			);
			path = components;
			sourceTree = "<group>";
		};
/* End PBXGroup section */

/* Begin PBXNativeTarget section */
		F2D32AD82A99061A004E3EB0 /* MatchingPairs */ = {
			isa = PBXNativeTarget;
			buildConfigurationList = F2D32AE72A99061C004E3EB0 /* Build configuration list for PBXNativeTarget "MatchingPairs" */;
			buildPhases = (
				F2D32AD52A99061A004E3EB0 /* Sources */,
				F2D32AD62A99061A004E3EB0 /* Frameworks */,
				F2D32AD72A99061A004E3EB0 /* Resources */,
			);
			buildRules = (
			);
			dependencies = (
			);
			name = MatchingPairs;
			packageProductDependencies = (
				F2D32B4B2A9B7D70004E3EB0 /* MatchingPairsPackage */,
			);
			productName = MatchingPairs;
			productReference = F2D32AD92A99061A004E3EB0 /* MatchingPairs.app */;
			productType = "com.apple.product-type.application";
		};
/* End PBXNativeTarget section */

/* Begin PBXProject section */
		F2D32AD12A99061A004E3EB0 /* Project object */ = {
			isa = PBXProject;
			attributes = {
				BuildIndependentTargetsInParallel = 1;
				LastSwiftUpdateCheck = 1430;
				LastUpgradeCheck = 1430;
				TargetAttributes = {
					F2D32AD82A99061A004E3EB0 = {
						CreatedOnToolsVersion = 14.3.1;
					};
				};
			};
			buildConfigurationList = F2D32AD42A99061A004E3EB0 /* Build configuration list for PBXProject "MatchingPairs" */;
			compatibilityVersion = "Xcode 14.0";
			developmentRegion = en;
			hasScannedForEncodings = 0;
			knownRegions = (
				en,
				Base,
			);
			mainGroup = F2D32AD02A99061A004E3EB0;
			packageReferences = (
				F2D32B4A2A9B7D70004E3EB0 /* XCRemoteSwiftPackageReference "MatchingPairsPackage" */,
			);
			productRefGroup = F2D32ADA2A99061A004E3EB0 /* Products */;
			projectDirPath = "";
			projectRoot = "";
			targets = (
				F2D32AD82A99061A004E3EB0 /* MatchingPairs */,
			);
		};
/* End PBXProject section */

/* Begin PBXResourcesBuildPhase section */
		F2D32AD72A99061A004E3EB0 /* Resources */ = {
			isa = PBXResourcesBuildPhase;
			buildActionMask = 2147483647;
			files = (
				F2D32AE42A99061C004E3EB0 /* Preview Assets.xcassets in Resources */,
				F2D32AE12A99061C004E3EB0 /* Assets.xcassets in Resources */,
			);
			runOnlyForDeploymentPostprocessing = 0;
		};
/* End PBXResourcesBuildPhase section */

/* Begin PBXSourcesBuildPhase section */
		F2D32AD52A99061A004E3EB0 /* Sources */ = {
			isa = PBXSourcesBuildPhase;
			buildActionMask = 2147483647;
			files = (
				F2D32ADF2A99061A004E3EB0 /* RootContentView.swift in Sources */,
				F2D32AFF2A99F385004E3EB0 /* ThemesRequest.swift in Sources */,
				F2D32B022A99FCC7004E3EB0 /* ResponseValidator.swift in Sources */,
				F2D32B502A9B8AB0004E3EB0 /* DifficultyLevel.swift in Sources */,
				F2D32AFC2A99F212004E3EB0 /* NetorkError.swift in Sources */,
				F2D32AF82A99F028004E3EB0 /* APIConstants.swift in Sources */,
				F2D32B232A9A4F63004E3EB0 /* OrientationInfo.swift in Sources */,
				F2D32B1D2A9A42B7004E3EB0 /* Array + Utils.swift in Sources */,
				F2D32B4E2A9B842B004E3EB0 /* GameCompletion.swift in Sources */,
				F2D32B122A9A1422004E3EB0 /* GameVIewModel.swift in Sources */,
				F2D32B082A9A04BA004E3EB0 /* Card.swift in Sources */,
				F2D32B0F2A9A08AB004E3EB0 /* GameContentView.swift in Sources */,
				F2D32B0A2A9A0713004E3EB0 /* RootViewModel.swift in Sources */,
				F2D32B1B2A9A42A1004E3EB0 /* DispatchQueue + Utils.swift in Sources */,
				F2CD8ED52A9C706900A6AA74 /* FetchThemesService.swift in Sources */,
				F2D32AF32A99EF5A004E3EB0 /* DataParser.swift in Sources */,
				F2D32AF62A99EFD1004E3EB0 /* RequestProtocol.swift in Sources */,
				F2D32ADD2A99061A004E3EB0 /* MatchingPairsApp.swift in Sources */,
				F2D32B1F2A9A437B004E3EB0 /* StatefulPreviewWrapper.swift in Sources */,
				F2D32B062A9A008F004E3EB0 /* Theme.swift in Sources */,
				F2D32B562A9B9C32004E3EB0 /* UserDefaults + utils.swift in Sources */,
				F2D32AFA2A99F1B3004E3EB0 /* APIManger.swift in Sources */,
				F2D32AEE2A99EF0A004E3EB0 /* RequestManager.swift in Sources */,
				F2D32B182A9A2885004E3EB0 /* CardView.swift in Sources */,
				F2D32B142A9A2182004E3EB0 /* Mock.swift in Sources */,
			);
			runOnlyForDeploymentPostprocessing = 0;
		};
/* End PBXSourcesBuildPhase section */

/* Begin XCBuildConfiguration section */
		F2D32AE52A99061C004E3EB0 /* Debug */ = {
			isa = XCBuildConfiguration;
			buildSettings = {
				ALWAYS_SEARCH_USER_PATHS = NO;
				CLANG_ANALYZER_NONNULL = YES;
				CLANG_ANALYZER_NUMBER_OBJECT_CONVERSION = YES_AGGRESSIVE;
				CLANG_CXX_LANGUAGE_STANDARD = "gnu++20";
				CLANG_ENABLE_MODULES = YES;
				CLANG_ENABLE_OBJC_ARC = YES;
				CLANG_ENABLE_OBJC_WEAK = YES;
				CLANG_WARN_BLOCK_CAPTURE_AUTORELEASING = YES;
				CLANG_WARN_BOOL_CONVERSION = YES;
				CLANG_WARN_COMMA = YES;
				CLANG_WARN_CONSTANT_CONVERSION = YES;
				CLANG_WARN_DEPRECATED_OBJC_IMPLEMENTATIONS = YES;
				CLANG_WARN_DIRECT_OBJC_ISA_USAGE = YES_ERROR;
				CLANG_WARN_DOCUMENTATION_COMMENTS = YES;
				CLANG_WARN_EMPTY_BODY = YES;
				CLANG_WARN_ENUM_CONVERSION = YES;
				CLANG_WARN_INFINITE_RECURSION = YES;
				CLANG_WARN_INT_CONVERSION = YES;
				CLANG_WARN_NON_LITERAL_NULL_CONVERSION = YES;
				CLANG_WARN_OBJC_IMPLICIT_RETAIN_SELF = YES;
				CLANG_WARN_OBJC_LITERAL_CONVERSION = YES;
				CLANG_WARN_OBJC_ROOT_CLASS = YES_ERROR;
				CLANG_WARN_QUOTED_INCLUDE_IN_FRAMEWORK_HEADER = YES;
				CLANG_WARN_RANGE_LOOP_ANALYSIS = YES;
				CLANG_WARN_STRICT_PROTOTYPES = YES;
				CLANG_WARN_SUSPICIOUS_MOVE = YES;
				CLANG_WARN_UNGUARDED_AVAILABILITY = YES_AGGRESSIVE;
				CLANG_WARN_UNREACHABLE_CODE = YES;
				CLANG_WARN__DUPLICATE_METHOD_MATCH = YES;
				COPY_PHASE_STRIP = NO;
				DEBUG_INFORMATION_FORMAT = dwarf;
				ENABLE_STRICT_OBJC_MSGSEND = YES;
				ENABLE_TESTABILITY = YES;
				GCC_C_LANGUAGE_STANDARD = gnu11;
				GCC_DYNAMIC_NO_PIC = NO;
				GCC_NO_COMMON_BLOCKS = YES;
				GCC_OPTIMIZATION_LEVEL = 0;
				GCC_PREPROCESSOR_DEFINITIONS = (
					"DEBUG=1",
					"$(inherited)",
				);
				GCC_WARN_64_TO_32_BIT_CONVERSION = YES;
				GCC_WARN_ABOUT_RETURN_TYPE = YES_ERROR;
				GCC_WARN_UNDECLARED_SELECTOR = YES;
				GCC_WARN_UNINITIALIZED_AUTOS = YES_AGGRESSIVE;
				GCC_WARN_UNUSED_FUNCTION = YES;
				GCC_WARN_UNUSED_VARIABLE = YES;
				IPHONEOS_DEPLOYMENT_TARGET = 16.4;
				MTL_ENABLE_DEBUG_INFO = INCLUDE_SOURCE;
				MTL_FAST_MATH = YES;
				ONLY_ACTIVE_ARCH = YES;
				SDKROOT = iphoneos;
				SWIFT_ACTIVE_COMPILATION_CONDITIONS = DEBUG;
				SWIFT_OPTIMIZATION_LEVEL = "-Onone";
			};
			name = Debug;
		};
		F2D32AE62A99061C004E3EB0 /* Release */ = {
			isa = XCBuildConfiguration;
			buildSettings = {
				ALWAYS_SEARCH_USER_PATHS = NO;
				CLANG_ANALYZER_NONNULL = YES;
				CLANG_ANALYZER_NUMBER_OBJECT_CONVERSION = YES_AGGRESSIVE;
				CLANG_CXX_LANGUAGE_STANDARD = "gnu++20";
				CLANG_ENABLE_MODULES = YES;
				CLANG_ENABLE_OBJC_ARC = YES;
				CLANG_ENABLE_OBJC_WEAK = YES;
				CLANG_WARN_BLOCK_CAPTURE_AUTORELEASING = YES;
				CLANG_WARN_BOOL_CONVERSION = YES;
				CLANG_WARN_COMMA = YES;
				CLANG_WARN_CONSTANT_CONVERSION = YES;
				CLANG_WARN_DEPRECATED_OBJC_IMPLEMENTATIONS = YES;
				CLANG_WARN_DIRECT_OBJC_ISA_USAGE = YES_ERROR;
				CLANG_WARN_DOCUMENTATION_COMMENTS = YES;
				CLANG_WARN_EMPTY_BODY = YES;
				CLANG_WARN_ENUM_CONVERSION = YES;
				CLANG_WARN_INFINITE_RECURSION = YES;
				CLANG_WARN_INT_CONVERSION = YES;
				CLANG_WARN_NON_LITERAL_NULL_CONVERSION = YES;
				CLANG_WARN_OBJC_IMPLICIT_RETAIN_SELF = YES;
				CLANG_WARN_OBJC_LITERAL_CONVERSION = YES;
				CLANG_WARN_OBJC_ROOT_CLASS = YES_ERROR;
				CLANG_WARN_QUOTED_INCLUDE_IN_FRAMEWORK_HEADER = YES;
				CLANG_WARN_RANGE_LOOP_ANALYSIS = YES;
				CLANG_WARN_STRICT_PROTOTYPES = YES;
				CLANG_WARN_SUSPICIOUS_MOVE = YES;
				CLANG_WARN_UNGUARDED_AVAILABILITY = YES_AGGRESSIVE;
				CLANG_WARN_UNREACHABLE_CODE = YES;
				CLANG_WARN__DUPLICATE_METHOD_MATCH = YES;
				COPY_PHASE_STRIP = NO;
				DEBUG_INFORMATION_FORMAT = "dwarf-with-dsym";
				ENABLE_NS_ASSERTIONS = NO;
				ENABLE_STRICT_OBJC_MSGSEND = YES;
				GCC_C_LANGUAGE_STANDARD = gnu11;
				GCC_NO_COMMON_BLOCKS = YES;
				GCC_WARN_64_TO_32_BIT_CONVERSION = YES;
				GCC_WARN_ABOUT_RETURN_TYPE = YES_ERROR;
				GCC_WARN_UNDECLARED_SELECTOR = YES;
				GCC_WARN_UNINITIALIZED_AUTOS = YES_AGGRESSIVE;
				GCC_WARN_UNUSED_FUNCTION = YES;
				GCC_WARN_UNUSED_VARIABLE = YES;
				IPHONEOS_DEPLOYMENT_TARGET = 16.4;
				MTL_ENABLE_DEBUG_INFO = NO;
				MTL_FAST_MATH = YES;
				SDKROOT = iphoneos;
				SWIFT_COMPILATION_MODE = wholemodule;
				SWIFT_OPTIMIZATION_LEVEL = "-O";
				VALIDATE_PRODUCT = YES;
			};
			name = Release;
		};
		F2D32AE82A99061C004E3EB0 /* Debug */ = {
			isa = XCBuildConfiguration;
			buildSettings = {
				ASSETCATALOG_COMPILER_APPICON_NAME = AppIcon;
				ASSETCATALOG_COMPILER_GLOBAL_ACCENT_COLOR_NAME = AccentColor;
				CODE_SIGN_STYLE = Automatic;
				CURRENT_PROJECT_VERSION = 1;
				DEVELOPMENT_ASSET_PATHS = "\"MatchingPairs/Preview Content\"";
				DEVELOPMENT_TEAM = Y75KTSFU5C;
				ENABLE_PREVIEWS = YES;
				GENERATE_INFOPLIST_FILE = YES;
				INFOPLIST_KEY_UIApplicationSceneManifest_Generation = YES;
				INFOPLIST_KEY_UIApplicationSupportsIndirectInputEvents = YES;
				INFOPLIST_KEY_UILaunchScreen_Generation = YES;
				INFOPLIST_KEY_UISupportedInterfaceOrientations_iPad = "UIInterfaceOrientationPortrait UIInterfaceOrientationPortraitUpsideDown UIInterfaceOrientationLandscapeLeft UIInterfaceOrientationLandscapeRight";
				INFOPLIST_KEY_UISupportedInterfaceOrientations_iPhone = "UIInterfaceOrientationPortrait UIInterfaceOrientationLandscapeLeft UIInterfaceOrientationLandscapeRight";
				IPHONEOS_DEPLOYMENT_TARGET = 15.0;
				LD_RUNPATH_SEARCH_PATHS = (
					"$(inherited)",
					"@executable_path/Frameworks",
				);
				MARKETING_VERSION = 1.0;
				PRODUCT_BUNDLE_IDENTIFIER = TestMode.MatchingPairs.com;
				PRODUCT_NAME = "$(TARGET_NAME)";
				SUPPORTED_PLATFORMS = "iphoneos iphonesimulator";
				SUPPORTS_MACCATALYST = NO;
				SUPPORTS_MAC_DESIGNED_FOR_IPHONE_IPAD = NO;
				SWIFT_EMIT_LOC_STRINGS = YES;
				SWIFT_VERSION = 5.0;
				TARGETED_DEVICE_FAMILY = "1,2";
			};
			name = Debug;
		};
		F2D32AE92A99061C004E3EB0 /* Release */ = {
			isa = XCBuildConfiguration;
			buildSettings = {
				ASSETCATALOG_COMPILER_APPICON_NAME = AppIcon;
				ASSETCATALOG_COMPILER_GLOBAL_ACCENT_COLOR_NAME = AccentColor;
				CODE_SIGN_STYLE = Automatic;
				CURRENT_PROJECT_VERSION = 1;
				DEVELOPMENT_ASSET_PATHS = "\"MatchingPairs/Preview Content\"";
				DEVELOPMENT_TEAM = Y75KTSFU5C;
				ENABLE_PREVIEWS = YES;
				GENERATE_INFOPLIST_FILE = YES;
				INFOPLIST_KEY_UIApplicationSceneManifest_Generation = YES;
				INFOPLIST_KEY_UIApplicationSupportsIndirectInputEvents = YES;
				INFOPLIST_KEY_UILaunchScreen_Generation = YES;
				INFOPLIST_KEY_UISupportedInterfaceOrientations_iPad = "UIInterfaceOrientationPortrait UIInterfaceOrientationPortraitUpsideDown UIInterfaceOrientationLandscapeLeft UIInterfaceOrientationLandscapeRight";
				INFOPLIST_KEY_UISupportedInterfaceOrientations_iPhone = "UIInterfaceOrientationPortrait UIInterfaceOrientationLandscapeLeft UIInterfaceOrientationLandscapeRight";
				IPHONEOS_DEPLOYMENT_TARGET = 15.0;
				LD_RUNPATH_SEARCH_PATHS = (
					"$(inherited)",
					"@executable_path/Frameworks",
				);
				MARKETING_VERSION = 1.0;
				PRODUCT_BUNDLE_IDENTIFIER = TestMode.MatchingPairs.com;
				PRODUCT_NAME = "$(TARGET_NAME)";
				SUPPORTED_PLATFORMS = "iphoneos iphonesimulator";
				SUPPORTS_MACCATALYST = NO;
				SUPPORTS_MAC_DESIGNED_FOR_IPHONE_IPAD = NO;
				SWIFT_EMIT_LOC_STRINGS = YES;
				SWIFT_VERSION = 5.0;
				TARGETED_DEVICE_FAMILY = "1,2";
			};
			name = Release;
		};
/* End XCBuildConfiguration section */

/* Begin XCConfigurationList section */
		F2D32AD42A99061A004E3EB0 /* Build configuration list for PBXProject "MatchingPairs" */ = {
			isa = XCConfigurationList;
			buildConfigurations = (
				F2D32AE52A99061C004E3EB0 /* Debug */,
				F2D32AE62A99061C004E3EB0 /* Release */,
			);
			defaultConfigurationIsVisible = 0;
			defaultConfigurationName = Release;
		};
		F2D32AE72A99061C004E3EB0 /* Build configuration list for PBXNativeTarget "MatchingPairs" */ = {
			isa = XCConfigurationList;
			buildConfigurations = (
				F2D32AE82A99061C004E3EB0 /* Debug */,
				F2D32AE92A99061C004E3EB0 /* Release */,
			);
			defaultConfigurationIsVisible = 0;
			defaultConfigurationName = Release;
		};
/* End XCConfigurationList section */

/* Begin XCRemoteSwiftPackageReference section */
		F2D32B4A2A9B7D70004E3EB0 /* XCRemoteSwiftPackageReference "MatchingPairsPackage" */ = {
			isa = XCRemoteSwiftPackageReference;
			repositoryURL = "https://github.com/tocansanduDev/MatchingPairsPackage?search=1";
			requirement = {
				branch = main;
				kind = branch;
			};
		};
/* End XCRemoteSwiftPackageReference section */

/* Begin XCSwiftPackageProductDependency section */
		F2D32B4B2A9B7D70004E3EB0 /* MatchingPairsPackage */ = {
			isa = XCSwiftPackageProductDependency;
			package = F2D32B4A2A9B7D70004E3EB0 /* XCRemoteSwiftPackageReference "MatchingPairsPackage" */;
			productName = MatchingPairsPackage;
		};
/* End XCSwiftPackageProductDependency section */
	};
	rootObject = F2D32AD12A99061A004E3EB0 /* Project object */;
}
